
Microsoft Visual Studio Solution File, Format Version 12.00
# Visual Studio Version 17
VisualStudioVersion = 17.5.33502.453
MinimumVisualStudioVersion = 10.0.40219.1
Project("{FAE04EC0-301F-11D3-BF4B-00C04F79EFBC}") = "Lab10_15", "Lab10_15.csproj", "{FCA2F973-E8D2-4A36-A3A1-5EA4901C03ED}"
EndProject
Global
	GlobalSection(SolutionConfigurationPlatforms) = preSolution
		Debug|Any CPU = Debug|Any CPU
		Release|Any CPU = Release|Any CPU
	EndGlobalSection
	GlobalSection(ProjectConfigurationPlatforms) = postSolution
		{FCA2F973-E8D2-4A36-A3A1-5EA4901C03ED}.Debug|Any CPU.ActiveCfg = Debug|Any CPU
		{FCA2F973-E8D2-4A36-A3A1-5EA4901C03ED}.Debug|Any CPU.Build.0 = Debug|Any CPU
		{FCA2F973-E8D2-4A36-A3A1-5EA4901C03ED}.Release|Any CPU.ActiveCfg = Release|Any CPU
		{FCA2F973-E8D2-4A36-A3A1-5EA4901C03ED}.Release|Any CPU.Build.0 = Release|Any CPU
	EndGlobalSection
	GlobalSection(SolutionProperties) = preSolution
		HideSolutionNode = FALSE
	EndGlobalSection
	GlobalSection(ExtensibilityGlobals) = postSolution
		SolutionGuid = {DDC5DD8E-E9EA-4E0D-83EA-F5BC347AD849}
	EndGlobalSection
EndGlobal
